// !$*UTF8*$!
{
	archiveVersion = 1;
	classes = {
	};
	objectVersion = 46;
	objects = {

/* Begin PBXBuildFile section */
		356B7B691BBC76E10057CC6C /* AppDelegate.swift in Sources */ = {isa = PBXBuildFile; fileRef = 356B7B681BBC76E10057CC6C /* AppDelegate.swift */; };
		356B7B6B1BBC76E10057CC6C /* ViewController.swift in Sources */ = {isa = PBXBuildFile; fileRef = 356B7B6A1BBC76E10057CC6C /* ViewController.swift */; };
		356B7B6E1BBC76E10057CC6C /* Main.storyboard in Resources */ = {isa = PBXBuildFile; fileRef = 356B7B6C1BBC76E10057CC6C /* Main.storyboard */; };
		356B7B701BBC76E10057CC6C /* Images.xcassets in Resources */ = {isa = PBXBuildFile; fileRef = 356B7B6F1BBC76E10057CC6C /* Images.xcassets */; };
		356B7B731BBC76E10057CC6C /* LaunchScreen.xib in Resources */ = {isa = PBXBuildFile; fileRef = 356B7B711BBC76E10057CC6C /* LaunchScreen.xib */; };
		356B7B7F1BBC76E10057CC6C /* GameGostTests.swift in Sources */ = {isa = PBXBuildFile; fileRef = 356B7B7E1BBC76E10057CC6C /* GameGostTests.swift */; };
/* End PBXBuildFile section */

/* Begin PBXContainerItemProxy section */
		356B7B791BBC76E10057CC6C /* PBXContainerItemProxy */ = {
			isa = PBXContainerItemProxy;
			containerPortal = 356B7B5B1BBC76E10057CC6C /* Project object */;
			proxyType = 1;
			remoteGlobalIDString = 356B7B621BBC76E10057CC6C;
			remoteInfo = GameGost;
		};
/* End PBXContainerItemProxy section */

/* Begin PBXFileReference section */
		356B7B631BBC76E10057CC6C /* GameGost.app */ = {isa = PBXFileReference; explicitFileType = wrapper.application; includeInIndex = 0; path = GameGost.app; sourceTree = BUILT_PRODUCTS_DIR; };
		356B7B671BBC76E10057CC6C /* Info.plist */ = {isa = PBXFileReference; lastKnownFileType = text.plist.xml; path = Info.plist; sourceTree = "<group>"; };
		356B7B681BBC76E10057CC6C /* AppDelegate.swift */ = {isa = PBXFileReference; lastKnownFileType = sourcecode.swift; path = AppDelegate.swift; sourceTree = "<group>"; };
		356B7B6A1BBC76E10057CC6C /* ViewController.swift */ = {isa = PBXFileReference; lastKnownFileType = sourcecode.swift; path = ViewController.swift; sourceTree = "<group>"; };
		356B7B6D1BBC76E10057CC6C /* Base */ = {isa = PBXFileReference; lastKnownFileType = file.storyboard; name = Base; path = Base.lproj/Main.storyboard; sourceTree = "<group>"; };
		356B7B6F1BBC76E10057CC6C /* Images.xcassets */ = {isa = PBXFileReference; lastKnownFileType = folder.assetcatalog; path = Images.xcassets; sourceTree = "<group>"; };
		356B7B721BBC76E10057CC6C /* Base */ = {isa = PBXFileReference; lastKnownFileType = file.xib; name = Base; path = Base.lproj/LaunchScreen.xib; sourceTree = "<group>"; };
		356B7B781BBC76E10057CC6C /* GameGostTests.xctest */ = {isa = PBXFileReference; explicitFileType = wrapper.cfbundle; includeInIndex = 0; path = GameGostTests.xctest; sourceTree = BUILT_PRODUCTS_DIR; };
		356B7B7D1BBC76E10057CC6C /* Info.plist */ = {isa = PBXFileReference; lastKnownFileType = text.plist.xml; path = Info.plist; sourceTree = "<group>"; };
		356B7B7E1BBC76E10057CC6C /* GameGostTests.swift */ = {isa = PBXFileReference; lastKnownFileType = sourcecode.swift; path = GameGostTests.swift; sourceTree = "<group>"; };
/* End PBXFileReference section */

/* Begin PBXFrameworksBuildPhase section */
		356B7B601BBC76E10057CC6C /* Frameworks */ = {
			isa = PBXFrameworksBuildPhase;
			buildActionMask = 2147483647;
			files = (
			);
			runOnlyForDeploymentPostprocessing = 0;
		};
		356B7B751BBC76E10057CC6C /* Frameworks */ = {
			isa = PBXFrameworksBuildPhase;
			buildActionMask = 2147483647;
			files = (
			);
			runOnlyForDeploymentPostprocessing = 0;
		};
/* End PBXFrameworksBuildPhase section */

/* Begin PBXGroup section */
		356B7B5A1BBC76E10057CC6C = {
			isa = PBXGroup;
			children = (
				356B7B651BBC76E10057CC6C /* GameGost */,
				356B7B7B1BBC76E10057CC6C /* GameGostTests */,
				356B7B641BBC76E10057CC6C /* Products */,
			);
			sourceTree = "<group>";
		};
		356B7B641BBC76E10057CC6C /* Products */ = {
			isa = PBXGroup;
			children = (
				356B7B631BBC76E10057CC6C /* GameGost.app */,
				356B7B781BBC76E10057CC6C /* GameGostTests.xctest */,
			);
			name = Products;
			sourceTree = "<group>";
		};
		356B7B651BBC76E10057CC6C /* GameGost */ = {
			isa = PBXGroup;
			children = (
				356B7B681BBC76E10057CC6C /* AppDelegate.swift */,
				356B7B6A1BBC76E10057CC6C /* ViewController.swift */,
				356B7B6C1BBC76E10057CC6C /* Main.storyboard */,
				356B7B6F1BBC76E10057CC6C /* Images.xcassets */,
				356B7B711BBC76E10057CC6C /* LaunchScreen.xib */,
				356B7B661BBC76E10057CC6C /* Supporting Files */,
			);
			path = GameGost;
			sourceTree = "<group>";
		};
		356B7B661BBC76E10057CC6C /* Supporting Files */ = {
			isa = PBXGroup;
			children = (
				356B7B671BBC76E10057CC6C /* Info.plist */,
			);
			name = "Supporting Files";
			sourceTree = "<group>";
		};
		356B7B7B1BBC76E10057CC6C /* GameGostTests */ = {
			isa = PBXGroup;
			children = (
				356B7B7E1BBC76E10057CC6C /* GameGostTests.swift */,
				356B7B7C1BBC76E10057CC6C /* Supporting Files */,
			);
			path = GameGostTests;
			sourceTree = "<group>";
		};
		356B7B7C1BBC76E10057CC6C /* Supporting Files */ = {
			isa = PBXGroup;
			children = (
				356B7B7D1BBC76E10057CC6C /* Info.plist */,
			);
			name = "Supporting Files";
			sourceTree = "<group>";
		};
/* End PBXGroup section */

/* Begin PBXNativeTarget section */
		356B7B621BBC76E10057CC6C /* GameGost */ = {
			isa = PBXNativeTarget;
			buildConfigurationList = 356B7B821BBC76E10057CC6C /* Build configuration list for PBXNativeTarget "GameGost" */;
			buildPhases = (
				356B7B5F1BBC76E10057CC6C /* Sources */,
				356B7B601BBC76E10057CC6C /* Frameworks */,
				356B7B611BBC76E10057CC6C /* Resources */,
			);
			buildRules = (
			);
			dependencies = (
			);
			name = GameGost;
			productName = GameGost;
			productReference = 356B7B631BBC76E10057CC6C /* GameGost.app */;
			productType = "com.apple.product-type.application";
		};
		356B7B771BBC76E10057CC6C /* GameGostTests */ = {
			isa = PBXNativeTarget;
			buildConfigurationList = 356B7B851BBC76E10057CC6C /* Build configuration list for PBXNativeTarget "GameGostTests" */;
			buildPhases = (
				356B7B741BBC76E10057CC6C /* Sources */,
				356B7B751BBC76E10057CC6C /* Frameworks */,
				356B7B761BBC76E10057CC6C /* Resources */,
			);
			buildRules = (
			);
			dependencies = (
				356B7B7A1BBC76E10057CC6C /* PBXTargetDependency */,
			);
			name = GameGostTests;
			productName = GameGostTests;
			productReference = 356B7B781BBC76E10057CC6C /* GameGostTests.xctest */;
			productType = "com.apple.product-type.bundle.unit-test";
		};
/* End PBXNativeTarget section */

/* Begin PBXProject section */
		356B7B5B1BBC76E10057CC6C /* Project object */ = {
			isa = PBXProject;
			attributes = {
				LastUpgradeCheck = 0640;
				ORGANIZATIONNAME = "Hannah Lim";
				TargetAttributes = {
					356B7B621BBC76E10057CC6C = {
						CreatedOnToolsVersion = 6.4;
					};
					356B7B771BBC76E10057CC6C = {
						CreatedOnToolsVersion = 6.4;
						TestTargetID = 356B7B621BBC76E10057CC6C;
					};
				};
			};
			buildConfigurationList = 356B7B5E1BBC76E10057CC6C /* Build configuration list for PBXProject "GameGost" */;
			compatibilityVersion = "Xcode 3.2";
			developmentRegion = English;
			hasScannedForEncodings = 0;
			knownRegions = (
				en,
				Base,
			);
			mainGroup = 356B7B5A1BBC76E10057CC6C;
			productRefGroup = 356B7B641BBC76E10057CC6C /* Products */;
			projectDirPath = "";
			projectRoot = "";
			targets = (
				356B7B621BBC76E10057CC6C /* GameGost */,
				356B7B771BBC76E10057CC6C /* GameGostTests */,
			);
		};
/* End PBXProject section */

/* Begin PBXResourcesBuildPhase section */
		356B7B611BBC76E10057CC6C /* Resources */ = {
			isa = PBXResourcesBuildPhase;
			buildActionMask = 2147483647;
			files = (
				356B7B6E1BBC76E10057CC6C /* Main.storyboard in Resources */,
				356B7B731BBC76E10057CC6C /* LaunchScreen.xib in Resources */,
				356B7B701BBC76E10057CC6C /* Images.xcassets in Resources */,
			);
			runOnlyForDeploymentPostprocessing = 0;
		};
		356B7B761BBC76E10057CC6C /* Resources */ = {
			isa = PBXResourcesBuildPhase;
			buildActionMask = 2147483647;
			files = (
			);
			runOnlyForDeploymentPostprocessing = 0;
		};
/* End PBXResourcesBuildPhase section */

/* Begin PBXSourcesBuildPhase section */
		356B7B5F1BBC76E10057CC6C /* Sources */ = {
			isa = PBXSourcesBuildPhase;
			buildActionMask = 2147483647;
			files = (
				356B7B6B1BBC76E10057CC6C /* ViewController.swift in Sources */,
				356B7B691BBC76E10057CC6C /* AppDelegate.swift in Sources */,
			);
			runOnlyForDeploymentPostprocessing = 0;
		};
		356B7B741BBC76E10057CC6C /* Sources */ = {
			isa = PBXSourcesBuildPhase;
			buildActionMask = 2147483647;
			files = (
				356B7B7F1BBC76E10057CC6C /* GameGostTests.swift in Sources */,
			);
			runOnlyForDeploymentPostprocessing = 0;
		};
/* End PBXSourcesBuildPhase section */

/* Begin PBXTargetDependency section */
		356B7B7A1BBC76E10057CC6C /* PBXTargetDependency */ = {
			isa = PBXTargetDependency;
			target = 356B7B621BBC76E10057CC6C /* GameGost */;
			targetProxy = 356B7B791BBC76E10057CC6C /* PBXContainerItemProxy */;
		};
/* End PBXTargetDependency section */

/* Begin PBXVariantGroup section */
		356B7B6C1BBC76E10057CC6C /* Main.storyboard */ = {
			isa = PBXVariantGroup;
			children = (
				356B7B6D1BBC76E10057CC6C /* Base */,
			);
			name = Main.storyboard;
			sourceTree = "<group>";
		};
		356B7B711BBC76E10057CC6C /* LaunchScreen.xib */ = {
			isa = PBXVariantGroup;
			children = (
				356B7B721BBC76E10057CC6C /* Base */,
			);
			name = LaunchScreen.xib;
			sourceTree = "<group>";
		};
/* End PBXVariantGroup section */

/* Begin XCBuildConfiguration section */
		356B7B801BBC76E10057CC6C /* Debug */ = {
			isa = XCBuildConfiguration;
			buildSettings = {
				ALWAYS_SEARCH_USER_PATHS = NO;
				CLANG_CXX_LANGUAGE_STANDARD = "gnu++0x";
				CLANG_CXX_LIBRARY = "libc++";
				CLANG_ENABLE_MODULES = YES;
				CLANG_ENABLE_OBJC_ARC = YES;
				CLANG_WARN_BOOL_CONVERSION = YES;
				CLANG_WARN_CONSTANT_CONVERSION = YES;
				CLANG_WARN_DIRECT_OBJC_ISA_USAGE = YES_ERROR;
				CLANG_WARN_EMPTY_BODY = YES;
				CLANG_WARN_ENUM_CONVERSION = YES;
				CLANG_WARN_INT_CONVERSION = YES;
				CLANG_WARN_OBJC_ROOT_CLASS = YES_ERROR;
				CLANG_WARN_UNREACHABLE_CODE = YES;
				CLANG_WARN__DUPLICATE_METHOD_MATCH = YES;
				"CODE_SIGN_IDENTITY[sdk=iphoneos*]" = "iPhone Developer";
				COPY_PHASE_STRIP = NO;
				DEBUG_INFORMATION_FORMAT = "dwarf-with-dsym";
				ENABLE_STRICT_OBJC_MSGSEND = YES;
				GCC_C_LANGUAGE_STANDARD = gnu99;
				GCC_DYNAMIC_NO_PIC = NO;
				GCC_NO_COMMON_BLOCKS = YES;
				GCC_OPTIMIZATION_LEVEL = 0;
				GCC_PREPROCESSOR_DEFINITIONS = (
					"DEBUG=1",
					"$(inherited)",
				);
				GCC_SYMBOLS_PRIVATE_EXTERN = NO;
				GCC_WARN_64_TO_32_BIT_CONVERSION = YES;
				GCC_WARN_ABOUT_RETURN_TYPE = YES_ERROR;
				GCC_WARN_UNDECLARED_SELECTOR = YES;
				GCC_WARN_UNINITIALIZED_AUTOS = YES_AGGRESSIVE;
				GCC_WARN_UNUSED_FUNCTION = YES;
				GCC_WARN_UNUSED_VARIABLE = YES;
				IPHONEOS_DEPLOYMENT_TARGET = 8.4;
				MTL_ENABLE_DEBUG_INFO = YES;
				ONLY_ACTIVE_ARCH = YES;
				SDKROOT = iphoneos;
				SWIFT_OPTIMIZATION_LEVEL = "-Onone";
				TARGETED_DEVICE_FAMILY = "1,2";
			};
			name = Debug;
		};
		356B7B811BBC76E10057CC6C /* Release */ = {
			isa = XCBuildConfiguration;
			buildSettings = {
				ALWAYS_SEARCH_USER_PATHS = NO;
				CLANG_CXX_LANGUAGE_STANDARD = "gnu++0x";
				CLANG_CXX_LIBRARY = "libc++";
				CLANG_ENABLE_MODULES = YES;
				CLANG_ENABLE_OBJC_ARC = YES;
				CLANG_WARN_BOOL_CONVERSION = YES;
				CLANG_WARN_CONSTANT_CONVERSION = YES;
				CLANG_WARN_DIRECT_OBJC_ISA_USAGE = YES_ERROR;
				CLANG_WARN_EMPTY_BODY = YES;
				CLANG_WARN_ENUM_CONVERSION = YES;
				CLANG_WARN_INT_CONVERSION = YES;
				CLANG_WARN_OBJC_ROOT_CLASS = YES_ERROR;
				CLANG_WARN_UNREACHABLE_CODE = YES;
				CLANG_WARN__DUPLICATE_METHOD_MATCH = YES;
				"CODE_SIGN_IDENTITY[sdk=iphoneos*]" = "iPhone Developer";
				COPY_PHASE_STRIP = NO;
				DEBUG_INFORMATION_FORMAT = "dwarf-with-dsym";
				ENABLE_NS_ASSERTIONS = NO;
				ENABLE_STRICT_OBJC_MSGSEND = YES;
				GCC_C_LANGUAGE_STANDARD = gnu99;
				GCC_NO_COMMON_BLOCKS = YES;
				GCC_WARN_64_TO_32_BIT_CONVERSION = YES;
				GCC_WARN_ABOUT_RETURN_TYPE = YES_ERROR;
				GCC_WARN_UNDECLARED_SELECTOR = YES;
				GCC_WARN_UNINITIALIZED_AUTOS = YES_AGGRESSIVE;
				GCC_WARN_UNUSED_FUNCTION = YES;
				GCC_WARN_UNUSED_VARIABLE = YES;
				IPHONEOS_DEPLOYMENT_TARGET = 8.4;
				MTL_ENABLE_DEBUG_INFO = NO;
				SDKROOT = iphoneos;
				TARGETED_DEVICE_FAMILY = "1,2";
				VALIDATE_PRODUCT = YES;
			};
			name = Release;
		};
		356B7B831BBC76E10057CC6C /* Debug */ = {
			isa = XCBuildConfiguration;
			buildSettings = {
				ASSETCATALOG_COMPILER_APPICON_NAME = AppIcon;
				INFOPLIST_FILE = GameGost/Info.plist;
				LD_RUNPATH_SEARCH_PATHS = "$(inherited) @executable_path/Frameworks";
				PRODUCT_NAME = "$(TARGET_NAME)";
			};
			name = Debug;
		};
		356B7B841BBC76E10057CC6C /* Release */ = {
			isa = XCBuildConfiguration;
			buildSettings = {
				ASSETCATALOG_COMPILER_APPICON_NAME = AppIcon;
				INFOPLIST_FILE = GameGost/Info.plist;
				LD_RUNPATH_SEARCH_PATHS = "$(inherited) @executable_path/Frameworks";
				PRODUCT_NAME = "$(TARGET_NAME)";
			};
			name = Release;
		};
		356B7B861BBC76E10057CC6C /* Debug */ = {
			isa = XCBuildConfiguration;
			buildSettings = {
				BUNDLE_LOADER = "$(TEST_HOST)";
				FRAMEWORK_SEARCH_PATHS = (
					"$(SDKROOT)/Developer/Library/Frameworks",
					"$(inherited)",
				);
				GCC_PREPROCESSOR_DEFINITIONS = (
					"DEBUG=1",
					"$(inherited)",
				);
				INFOPLIST_FILE = GameGostTests/Info.plist;
				LD_RUNPATH_SEARCH_PATHS = "$(inherited) @executable_path/Frameworks @loader_path/Frameworks";
				PRODUCT_NAME = "$(TARGET_NAME)";
				TEST_HOST = "$(BUILT_PRODUCTS_DIR)/GameGost.app/GameGost";
			};
			name = Debug;
		};
		356B7B871BBC76E10057CC6C /* Release */ = {
			isa = XCBuildConfiguration;
			buildSettings = {
				BUNDLE_LOADER = "$(TEST_HOST)";
				FRAMEWORK_SEARCH_PATHS = (
					"$(SDKROOT)/Developer/Library/Frameworks",
					"$(inherited)",
				);
				INFOPLIST_FILE = GameGostTests/Info.plist;
				LD_RUNPATH_SEARCH_PATHS = "$(inherited) @executable_path/Frameworks @loader_path/Frameworks";
				PRODUCT_NAME = "$(TARGET_NAME)";
				TEST_HOST = "$(BUILT_PRODUCTS_DIR)/GameGost.app/GameGost";
			};
			name = Release;
		};
/* End XCBuildConfiguration section */

/* Begin XCConfigurationList section */
		356B7B5E1BBC76E10057CC6C /* Build configuration list for PBXProject "GameGost" */ = {
			isa = XCConfigurationList;
			buildConfigurations = (
				356B7B801BBC76E10057CC6C /* Debug */,
				356B7B811BBC76E10057CC6C /* Release */,
			);
			defaultConfigurationIsVisible = 0;
			defaultConfigurationName = Release;
		};
		356B7B821BBC76E10057CC6C /* Build configuration list for PBXNativeTarget "GameGost" */ = {
			isa = XCConfigurationList;
			buildConfigurations = (
				356B7B831BBC76E10057CC6C /* Debug */,
				356B7B841BBC76E10057CC6C /* Release */,
			);
			defaultConfigurationIsVisible = 0;
		};
		356B7B851BBC76E10057CC6C /* Build configuration list for PBXNativeTarget "GameGostTests" */ = {
			isa = XCConfigurationList;
			buildConfigurations = (
				356B7B861BBC76E10057CC6C /* Debug */,
				356B7B871BBC76E10057CC6C /* Release */,
			);
			defaultConfigurationIsVisible = 0;
		};
/* End XCConfigurationList section */
	};
	rootObject = 356B7B5B1BBC76E10057CC6C /* Project object */;
}
